
Microsoft Visual Studio Solution File, Format Version 12.00
# Visual Studio Version 17
VisualStudioVersion = 17.0.32014.148
MinimumVisualStudioVersion = 10.0.40219.1
Project("{9A19103F-16F7-4668-BE54-9A1E7A4F7556}") = "Infiks.Configuration.DatabaseUrl", "src\Infiks.Configuration.DatabaseUrl\Infiks.Configuration.DatabaseUrl.csproj", "{4066D560-7ACB-40DA-BF1C-5FA2E23EEB9B}"
EndProject
Project("{9A19103F-16F7-4668-BE54-9A1E7A4F7556}") = "Infiks.DatabaseUrl", "src\Infiks.DatabaseUrl\Infiks.DatabaseUrl.csproj", "{83A419E5-3A33-4A0B-8A7C-C515E7877BA7}"
EndProject
Project("{9A19103F-16F7-4668-BE54-9A1E7A4F7556}") = "Infiks.DatabaseUrl.Tests", "test\Infiks.DatabaseUrl.Tests\Infiks.DatabaseUrl.Tests.csproj", "{57B4C083-2191-40D3-A588-2B252A359999}"
EndProject
Project("{2150E333-8FDC-42A3-9474-1A3956D46DE8}") = "Solution Items", "Solution Items", "{B0B7231B-7AB9-41DE-A73E-D40FA10B8404}"
	ProjectSection(SolutionItems) = preProject
		README.md = README.md
	EndProjectSection
EndProject
Global
	GlobalSection(SolutionConfigurationPlatforms) = preSolution
		Debug|Any CPU = Debug|Any CPU
		Release|Any CPU = Release|Any CPU
	EndGlobalSection
	GlobalSection(ProjectConfigurationPlatforms) = postSolution
		{4066D560-7ACB-40DA-BF1C-5FA2E23EEB9B}.Debug|Any CPU.ActiveCfg = Debug|Any CPU
		{4066D560-7ACB-40DA-BF1C-5FA2E23EEB9B}.Debug|Any CPU.Build.0 = Debug|Any CPU
		{4066D560-7ACB-40DA-BF1C-5FA2E23EEB9B}.Release|Any CPU.ActiveCfg = Release|Any CPU
		{4066D560-7ACB-40DA-BF1C-5FA2E23EEB9B}.Release|Any CPU.Build.0 = Release|Any CPU
		{83A419E5-3A33-4A0B-8A7C-C515E7877BA7}.Debug|Any CPU.ActiveCfg = Debug|Any CPU
		{83A419E5-3A33-4A0B-8A7C-C515E7877BA7}.Debug|Any CPU.Build.0 = Debug|Any CPU
		{83A419E5-3A33-4A0B-8A7C-C515E7877BA7}.Release|Any CPU.ActiveCfg = Release|Any CPU
		{83A419E5-3A33-4A0B-8A7C-C515E7877BA7}.Release|Any CPU.Build.0 = Release|Any CPU
		{57B4C083-2191-40D3-A588-2B252A359999}.Debug|Any CPU.ActiveCfg = Debug|Any CPU
		{57B4C083-2191-40D3-A588-2B252A359999}.Debug|Any CPU.Build.0 = Debug|Any CPU
		{57B4C083-2191-40D3-A588-2B252A359999}.Release|Any CPU.ActiveCfg = Release|Any CPU
		{57B4C083-2191-40D3-A588-2B252A359999}.Release|Any CPU.Build.0 = Release|Any CPU
	EndGlobalSection
	GlobalSection(SolutionProperties) = preSolution
		HideSolutionNode = FALSE
	EndGlobalSection
	GlobalSection(ExtensibilityGlobals) = postSolution
		SolutionGuid = {0C55B8D9-285E-4AB8-BD6C-1B8E13F88819}
	EndGlobalSection
EndGlobal
